// !$*UTF8*$!
{
	archiveVersion = 1;
	classes = {
	};
	objectVersion = 55;
	objects = {

/* Begin PBXBuildFile section */
		08A4CB8E282430F200D01546 /* librealsense2.2.50.0.dylib in Frameworks */ = {isa = PBXBuildFile; fileRef = 08D95C5C28242C7C00D9D1B0 /* librealsense2.2.50.0.dylib */; };
		08A4CB8F282430F200D01546 /* librealsense2.2.50.0.dylib in Embed Libraries */ = {isa = PBXBuildFile; fileRef = 08D95C5C28242C7C00D9D1B0 /* librealsense2.2.50.0.dylib */; settings = {ATTRIBUTES = (CodeSignOnCopy, ); }; };
		08A4CB90282430F200D01546 /* librealsense2.2.50.dylib in Frameworks */ = {isa = PBXBuildFile; fileRef = 08D95C5B28242C7C00D9D1B0 /* librealsense2.2.50.dylib */; };
		08A4CB91282430F200D01546 /* librealsense2.2.50.dylib in Embed Libraries */ = {isa = PBXBuildFile; fileRef = 08D95C5B28242C7C00D9D1B0 /* librealsense2.2.50.dylib */; settings = {ATTRIBUTES = (CodeSignOnCopy, ); }; };
		08A4CB92282430F200D01546 /* librealsense2.dylib in Frameworks */ = {isa = PBXBuildFile; fileRef = 08D95C5A28242C7C00D9D1B0 /* librealsense2.dylib */; };
		08A4CB93282430F200D01546 /* librealsense2.dylib in Embed Libraries */ = {isa = PBXBuildFile; fileRef = 08D95C5A28242C7C00D9D1B0 /* librealsense2.dylib */; settings = {ATTRIBUTES = (CodeSignOnCopy, ); }; };
		08A4CB94282430F200D01546 /* libusb-1.0.0.dylib in Frameworks */ = {isa = PBXBuildFile; fileRef = 08D95C5D28242C7C00D9D1B0 /* libusb-1.0.0.dylib */; };
		08A4CB95282430F200D01546 /* libusb-1.0.0.dylib in Embed Libraries */ = {isa = PBXBuildFile; fileRef = 08D95C5D28242C7C00D9D1B0 /* libusb-1.0.0.dylib */; settings = {ATTRIBUTES = (CodeSignOnCopy, ); }; };
		08D95C5828242A9600D9D1B0 /* rs-hello-realsense.cpp in Sources */ = {isa = PBXBuildFile; fileRef = 08D95C5728242A9600D9D1B0 /* rs-hello-realsense.cpp */; };
/* End PBXBuildFile section */

/* Begin PBXCopyFilesBuildPhase section */
		08A4CB96282430F200D01546 /* Embed Libraries */ = {
			isa = PBXCopyFilesBuildPhase;
			buildActionMask = 2147483647;
			dstPath = "";
			dstSubfolderSpec = 10;
			files = (
				08A4CB91282430F200D01546 /* librealsense2.2.50.dylib in Embed Libraries */,
				08A4CB93282430F200D01546 /* librealsense2.dylib in Embed Libraries */,
				08A4CB8F282430F200D01546 /* librealsense2.2.50.0.dylib in Embed Libraries */,
				08A4CB95282430F200D01546 /* libusb-1.0.0.dylib in Embed Libraries */,
			);
			name = "Embed Libraries";
			runOnlyForDeploymentPostprocessing = 0;
		};
		08D95C492824238400D9D1B0 /* CopyFiles */ = {
			isa = PBXCopyFilesBuildPhase;
			buildActionMask = 2147483647;
			dstPath = /usr/share/man/man1/;
			dstSubfolderSpec = 0;
			files = (
			);
			runOnlyForDeploymentPostprocessing = 1;
		};
/* End PBXCopyFilesBuildPhase section */

/* Begin PBXFileReference section */
		08D95C4B2824238400D9D1B0 /* projet-xcode */ = {isa = PBXFileReference; explicitFileType = "compiled.mach-o.executable"; includeInIndex = 0; path = "projet-xcode"; sourceTree = BUILT_PRODUCTS_DIR; };
		08D95C5528242A8100D9D1B0 /* include */ = {isa = PBXFileReference; lastKnownFileType = folder; path = include; sourceTree = "<group>"; };
		08D95C5628242A8E00D9D1B0 /* libraries */ = {isa = PBXFileReference; lastKnownFileType = folder; path = libraries; sourceTree = "<group>"; };
		08D95C5728242A9600D9D1B0 /* rs-hello-realsense.cpp */ = {isa = PBXFileReference; fileEncoding = 4; lastKnownFileType = sourcecode.cpp.cpp; path = "rs-hello-realsense.cpp"; sourceTree = "<group>"; };
		08D95C5A28242C7C00D9D1B0 /* librealsense2.dylib */ = {isa = PBXFileReference; lastKnownFileType = "compiled.mach-o.dylib"; name = librealsense2.dylib; path = "projet-xcode/libraries/librealsense2.dylib"; sourceTree = "<group>"; };
		08D95C5B28242C7C00D9D1B0 /* librealsense2.2.50.dylib */ = {isa = PBXFileReference; lastKnownFileType = "compiled.mach-o.dylib"; name = librealsense2.2.50.dylib; path = "projet-xcode/libraries/librealsense2.2.50.dylib"; sourceTree = "<group>"; };
		08D95C5C28242C7C00D9D1B0 /* librealsense2.2.50.0.dylib */ = {isa = PBXFileReference; lastKnownFileType = "compiled.mach-o.dylib"; name = librealsense2.2.50.0.dylib; path = "projet-xcode/libraries/librealsense2.2.50.0.dylib"; sourceTree = "<group>"; };
		08D95C5D28242C7C00D9D1B0 /* libusb-1.0.0.dylib */ = {isa = PBXFileReference; lastKnownFileType = "compiled.mach-o.dylib"; name = "libusb-1.0.0.dylib"; path = "projet-xcode/libraries/libusb-1.0.0.dylib"; sourceTree = "<group>"; };
/* End PBXFileReference section */

/* Begin PBXFrameworksBuildPhase section */
		08D95C482824238400D9D1B0 /* Frameworks */ = {
			isa = PBXFrameworksBuildPhase;
			buildActionMask = 2147483647;
			files = (
				08A4CB90282430F200D01546 /* librealsense2.2.50.dylib in Frameworks */,
				08A4CB92282430F200D01546 /* librealsense2.dylib in Frameworks */,
				08A4CB8E282430F200D01546 /* librealsense2.2.50.0.dylib in Frameworks */,
				08A4CB94282430F200D01546 /* libusb-1.0.0.dylib in Frameworks */,
			);
			runOnlyForDeploymentPostprocessing = 0;
		};
/* End PBXFrameworksBuildPhase section */

/* Begin PBXGroup section */
		08D95C422824238400D9D1B0 = {
			isa = PBXGroup;
			children = (
				08D95C4D2824238400D9D1B0 /* projet-xcode */,
				08D95C4C2824238400D9D1B0 /* Products */,
				08D95C5928242C7C00D9D1B0 /* Frameworks */,
			);
			sourceTree = "<group>";
		};
		08D95C4C2824238400D9D1B0 /* Products */ = {
			isa = PBXGroup;
			children = (
				08D95C4B2824238400D9D1B0 /* projet-xcode */,
			);
			name = Products;
			sourceTree = "<group>";
		};
		08D95C4D2824238400D9D1B0 /* projet-xcode */ = {
			isa = PBXGroup;
			children = (
				08D95C5728242A9600D9D1B0 /* rs-hello-realsense.cpp */,
				08D95C5628242A8E00D9D1B0 /* libraries */,
				08D95C5528242A8100D9D1B0 /* include */,
			);
			path = "projet-xcode";
			sourceTree = "<group>";
		};
		08D95C5928242C7C00D9D1B0 /* Frameworks */ = {
			isa = PBXGroup;
			children = (
				08D95C5C28242C7C00D9D1B0 /* librealsense2.2.50.0.dylib */,
				08D95C5B28242C7C00D9D1B0 /* librealsense2.2.50.dylib */,
				08D95C5A28242C7C00D9D1B0 /* librealsense2.dylib */,
				08D95C5D28242C7C00D9D1B0 /* libusb-1.0.0.dylib */,
			);
			name = Frameworks;
			sourceTree = "<group>";
		};
/* End PBXGroup section */

/* Begin PBXNativeTarget section */
		08D95C4A2824238400D9D1B0 /* projet-xcode */ = {
			isa = PBXNativeTarget;
			buildConfigurationList = 08D95C522824238400D9D1B0 /* Build configuration list for PBXNativeTarget "projet-xcode" */;
			buildPhases = (
				08D95C472824238400D9D1B0 /* Sources */,
				08D95C482824238400D9D1B0 /* Frameworks */,
				08D95C492824238400D9D1B0 /* CopyFiles */,
				08A4CB96282430F200D01546 /* Embed Libraries */,
			);
			buildRules = (
			);
			dependencies = (
			);
			name = "projet-xcode";
			productName = "projet-xcode";
			productReference = 08D95C4B2824238400D9D1B0 /* projet-xcode */;
			productType = "com.apple.product-type.tool";
		};
/* End PBXNativeTarget section */

/* Begin PBXProject section */
		08D95C432824238400D9D1B0 /* Project object */ = {
			isa = PBXProject;
			attributes = {
				BuildIndependentTargetsInParallel = 1;
				LastUpgradeCheck = 1330;
				TargetAttributes = {
					08D95C4A2824238400D9D1B0 = {
						CreatedOnToolsVersion = 13.3.1;
					};
				};
			};
			buildConfigurationList = 08D95C462824238400D9D1B0 /* Build configuration list for PBXProject "projet-xcode" */;
			compatibilityVersion = "Xcode 13.0";
			developmentRegion = en;
			hasScannedForEncodings = 0;
			knownRegions = (
				en,
				Base,
			);
			mainGroup = 08D95C422824238400D9D1B0;
			productRefGroup = 08D95C4C2824238400D9D1B0 /* Products */;
			projectDirPath = "";
			projectRoot = "";
			targets = (
				08D95C4A2824238400D9D1B0 /* projet-xcode */,
			);
		};
/* End PBXProject section */

/* Begin PBXSourcesBuildPhase section */
		08D95C472824238400D9D1B0 /* Sources */ = {
			isa = PBXSourcesBuildPhase;
			buildActionMask = 2147483647;
			files = (
				08D95C5828242A9600D9D1B0 /* rs-hello-realsense.cpp in Sources */,
			);
			runOnlyForDeploymentPostprocessing = 0;
		};
/* End PBXSourcesBuildPhase section */

/* Begin XCBuildConfiguration section */
		08D95C502824238400D9D1B0 /* Debug */ = {
			isa = XCBuildConfiguration;
			buildSettings = {
				ALWAYS_SEARCH_USER_PATHS = NO;
				CLANG_ANALYZER_NONNULL = YES;
				CLANG_ANALYZER_NUMBER_OBJECT_CONVERSION = YES_AGGRESSIVE;
				CLANG_CXX_LANGUAGE_STANDARD = "gnu++17";
				CLANG_ENABLE_MODULES = YES;
				CLANG_ENABLE_OBJC_ARC = YES;
				CLANG_ENABLE_OBJC_WEAK = YES;
				CLANG_WARN_BLOCK_CAPTURE_AUTORELEASING = YES;
				CLANG_WARN_BOOL_CONVERSION = YES;
				CLANG_WARN_COMMA = YES;
				CLANG_WARN_CONSTANT_CONVERSION = YES;
				CLANG_WARN_DEPRECATED_OBJC_IMPLEMENTATIONS = YES;
				CLANG_WARN_DIRECT_OBJC_ISA_USAGE = YES_ERROR;
				CLANG_WARN_DOCUMENTATION_COMMENTS = YES;
				CLANG_WARN_EMPTY_BODY = YES;
				CLANG_WARN_ENUM_CONVERSION = YES;
				CLANG_WARN_INFINITE_RECURSION = YES;
				CLANG_WARN_INT_CONVERSION = YES;
				CLANG_WARN_NON_LITERAL_NULL_CONVERSION = YES;
				CLANG_WARN_OBJC_IMPLICIT_RETAIN_SELF = YES;
				CLANG_WARN_OBJC_LITERAL_CONVERSION = YES;
				CLANG_WARN_OBJC_ROOT_CLASS = YES_ERROR;
				CLANG_WARN_QUOTED_INCLUDE_IN_FRAMEWORK_HEADER = YES;
				CLANG_WARN_RANGE_LOOP_ANALYSIS = YES;
				CLANG_WARN_STRICT_PROTOTYPES = YES;
				CLANG_WARN_SUSPICIOUS_MOVE = YES;
				CLANG_WARN_UNGUARDED_AVAILABILITY = YES_AGGRESSIVE;
				CLANG_WARN_UNREACHABLE_CODE = YES;
				CLANG_WARN__DUPLICATE_METHOD_MATCH = YES;
				COPY_PHASE_STRIP = NO;
				DEBUG_INFORMATION_FORMAT = dwarf;
				ENABLE_STRICT_OBJC_MSGSEND = YES;
				ENABLE_TESTABILITY = YES;
				GCC_C_LANGUAGE_STANDARD = gnu11;
				GCC_DYNAMIC_NO_PIC = NO;
				GCC_NO_COMMON_BLOCKS = YES;
				GCC_OPTIMIZATION_LEVEL = 0;
				GCC_PREPROCESSOR_DEFINITIONS = (
					"DEBUG=1",
					"$(inherited)",
				);
				GCC_WARN_64_TO_32_BIT_CONVERSION = YES;
				GCC_WARN_ABOUT_RETURN_TYPE = YES_ERROR;
				GCC_WARN_UNDECLARED_SELECTOR = YES;
				GCC_WARN_UNINITIALIZED_AUTOS = YES_AGGRESSIVE;
				GCC_WARN_UNUSED_FUNCTION = YES;
				GCC_WARN_UNUSED_VARIABLE = YES;
				MACOSX_DEPLOYMENT_TARGET = 11.0;
				MTL_ENABLE_DEBUG_INFO = INCLUDE_SOURCE;
				MTL_FAST_MATH = YES;
				ONLY_ACTIVE_ARCH = YES;
				SDKROOT = macosx;
			};
			name = Debug;
		};
		08D95C512824238400D9D1B0 /* Release */ = {
			isa = XCBuildConfiguration;
			buildSettings = {
				ALWAYS_SEARCH_USER_PATHS = NO;
				CLANG_ANALYZER_NONNULL = YES;
				CLANG_ANALYZER_NUMBER_OBJECT_CONVERSION = YES_AGGRESSIVE;
				CLANG_CXX_LANGUAGE_STANDARD = "gnu++17";
				CLANG_ENABLE_MODULES = YES;
				CLANG_ENABLE_OBJC_ARC = YES;
				CLANG_ENABLE_OBJC_WEAK = YES;
				CLANG_WARN_BLOCK_CAPTURE_AUTORELEASING = YES;
				CLANG_WARN_BOOL_CONVERSION = YES;
				CLANG_WARN_COMMA = YES;
				CLANG_WARN_CONSTANT_CONVERSION = YES;
				CLANG_WARN_DEPRECATED_OBJC_IMPLEMENTATIONS = YES;
				CLANG_WARN_DIRECT_OBJC_ISA_USAGE = YES_ERROR;
				CLANG_WARN_DOCUMENTATION_COMMENTS = YES;
				CLANG_WARN_EMPTY_BODY = YES;
				CLANG_WARN_ENUM_CONVERSION = YES;
				CLANG_WARN_INFINITE_RECURSION = YES;
				CLANG_WARN_INT_CONVERSION = YES;
				CLANG_WARN_NON_LITERAL_NULL_CONVERSION = YES;
				CLANG_WARN_OBJC_IMPLICIT_RETAIN_SELF = YES;
				CLANG_WARN_OBJC_LITERAL_CONVERSION = YES;
				CLANG_WARN_OBJC_ROOT_CLASS = YES_ERROR;
				CLANG_WARN_QUOTED_INCLUDE_IN_FRAMEWORK_HEADER = YES;
				CLANG_WARN_RANGE_LOOP_ANALYSIS = YES;
				CLANG_WARN_STRICT_PROTOTYPES = YES;
				CLANG_WARN_SUSPICIOUS_MOVE = YES;
				CLANG_WARN_UNGUARDED_AVAILABILITY = YES_AGGRESSIVE;
				CLANG_WARN_UNREACHABLE_CODE = YES;
				CLANG_WARN__DUPLICATE_METHOD_MATCH = YES;
				COPY_PHASE_STRIP = NO;
				DEBUG_INFORMATION_FORMAT = "dwarf-with-dsym";
				ENABLE_NS_ASSERTIONS = NO;
				ENABLE_STRICT_OBJC_MSGSEND = YES;
				GCC_C_LANGUAGE_STANDARD = gnu11;
				GCC_NO_COMMON_BLOCKS = YES;
				GCC_WARN_64_TO_32_BIT_CONVERSION = YES;
				GCC_WARN_ABOUT_RETURN_TYPE = YES_ERROR;
				GCC_WARN_UNDECLARED_SELECTOR = YES;
				GCC_WARN_UNINITIALIZED_AUTOS = YES_AGGRESSIVE;
				GCC_WARN_UNUSED_FUNCTION = YES;
				GCC_WARN_UNUSED_VARIABLE = YES;
				MACOSX_DEPLOYMENT_TARGET = 11.0;
				MTL_ENABLE_DEBUG_INFO = NO;
				MTL_FAST_MATH = YES;
				SDKROOT = macosx;
			};
			name = Release;
		};
		08D95C532824238400D9D1B0 /* Debug */ = {
			isa = XCBuildConfiguration;
			buildSettings = {
				CODE_SIGN_STYLE = Automatic;
				DEVELOPMENT_TEAM = MA82T7BPX2;
				ENABLE_HARDENED_RUNTIME = YES;
				HEADER_SEARCH_PATHS = "projet-xcode/include";
				LIBRARY_SEARCH_PATHS = (
					"$(inherited)",
					"$(PROJECT_DIR)/projet-xcode/libraries",
				);
				MACOSX_DEPLOYMENT_TARGET = 11.0;
				PRODUCT_NAME = "$(TARGET_NAME)";
			};
			name = Debug;
		};
		08D95C542824238400D9D1B0 /* Release */ = {
			isa = XCBuildConfiguration;
			buildSettings = {
				CODE_SIGN_STYLE = Automatic;
				DEVELOPMENT_TEAM = MA82T7BPX2;
				ENABLE_HARDENED_RUNTIME = YES;
				HEADER_SEARCH_PATHS = "projet-xcode/include";
				LIBRARY_SEARCH_PATHS = (
					"$(inherited)",
					"$(PROJECT_DIR)/projet-xcode/libraries",
				);
				MACOSX_DEPLOYMENT_TARGET = 11.0;
				PRODUCT_NAME = "$(TARGET_NAME)";
			};
			name = Release;
		};
/* End XCBuildConfiguration section */

/* Begin XCConfigurationList section */
		08D95C462824238400D9D1B0 /* Build configuration list for PBXProject "projet-xcode" */ = {
			isa = XCConfigurationList;
			buildConfigurations = (
				08D95C502824238400D9D1B0 /* Debug */,
				08D95C512824238400D9D1B0 /* Release */,
			);
			defaultConfigurationIsVisible = 0;
			defaultConfigurationName = Release;
		};
		08D95C522824238400D9D1B0 /* Build configuration list for PBXNativeTarget "projet-xcode" */ = {
			isa = XCConfigurationList;
			buildConfigurations = (
				08D95C532824238400D9D1B0 /* Debug */,
				08D95C542824238400D9D1B0 /* Release */,
			);
			defaultConfigurationIsVisible = 0;
			defaultConfigurationName = Release;
		};
/* End XCConfigurationList section */
	};
	rootObject = 08D95C432824238400D9D1B0 /* Project object */;
}
